
Microsoft Visual Studio Solution File, Format Version 12.00
# Visual Studio Version 17
VisualStudioVersion = 17.8.34309.116
MinimumVisualStudioVersion = 10.0.40219.1
Project("{9A19103F-16F7-4668-BE54-9A1E7A4F7556}") = "TeaProduction.API", "TeaProduction.API\TeaProduction.API.csproj", "{880CBC50-D1BD-4417-A8D9-E3DE1B1744D8}"
	ProjectSection(ProjectDependencies) = postProject
		{68332C77-3FD6-487B-B7E4-08B77627231C} = {68332C77-3FD6-487B-B7E4-08B77627231C}
	EndProjectSection
EndProject
Project("{9A19103F-16F7-4668-BE54-9A1E7A4F7556}") = "TeaProduction.Infrastructure", "TeaProduction.Infrastructure\TeaProduction.Infrastructure.csproj", "{A1CD3742-4321-41EB-9B10-0DC2267575FE}"
EndProject
Project("{9A19103F-16F7-4668-BE54-9A1E7A4F7556}") = "TeaProduction.Business", "TeaProduction.Business\TeaProduction.Business.csproj", "{68332C77-3FD6-487B-B7E4-08B77627231C}"
EndProject
Project("{FAE04EC0-301F-11D3-BF4B-00C04F79EFBC}") = "TeaProduction.Test", "TeaProduction.Test\TeaProduction.Test.csproj", "{CAEA7CDB-6DF8-4B4B-B612-C9EA10C4EF6A}"
EndProject
Global
	GlobalSection(SolutionConfigurationPlatforms) = preSolution
		Debug|Any CPU = Debug|Any CPU
		Release|Any CPU = Release|Any CPU
	EndGlobalSection
	GlobalSection(ProjectConfigurationPlatforms) = postSolution
		{880CBC50-D1BD-4417-A8D9-E3DE1B1744D8}.Debug|Any CPU.ActiveCfg = Debug|Any CPU
		{880CBC50-D1BD-4417-A8D9-E3DE1B1744D8}.Debug|Any CPU.Build.0 = Debug|Any CPU
		{880CBC50-D1BD-4417-A8D9-E3DE1B1744D8}.Release|Any CPU.ActiveCfg = Release|Any CPU
		{880CBC50-D1BD-4417-A8D9-E3DE1B1744D8}.Release|Any CPU.Build.0 = Release|Any CPU
		{A1CD3742-4321-41EB-9B10-0DC2267575FE}.Debug|Any CPU.ActiveCfg = Debug|Any CPU
		{A1CD3742-4321-41EB-9B10-0DC2267575FE}.Debug|Any CPU.Build.0 = Debug|Any CPU
		{A1CD3742-4321-41EB-9B10-0DC2267575FE}.Release|Any CPU.ActiveCfg = Release|Any CPU
		{A1CD3742-4321-41EB-9B10-0DC2267575FE}.Release|Any CPU.Build.0 = Release|Any CPU
		{68332C77-3FD6-487B-B7E4-08B77627231C}.Debug|Any CPU.ActiveCfg = Debug|Any CPU
		{68332C77-3FD6-487B-B7E4-08B77627231C}.Debug|Any CPU.Build.0 = Debug|Any CPU
		{68332C77-3FD6-487B-B7E4-08B77627231C}.Release|Any CPU.ActiveCfg = Release|Any CPU
		{68332C77-3FD6-487B-B7E4-08B77627231C}.Release|Any CPU.Build.0 = Release|Any CPU
		{CAEA7CDB-6DF8-4B4B-B612-C9EA10C4EF6A}.Debug|Any CPU.ActiveCfg = Debug|Any CPU
		{CAEA7CDB-6DF8-4B4B-B612-C9EA10C4EF6A}.Debug|Any CPU.Build.0 = Debug|Any CPU
		{CAEA7CDB-6DF8-4B4B-B612-C9EA10C4EF6A}.Release|Any CPU.ActiveCfg = Release|Any CPU
		{CAEA7CDB-6DF8-4B4B-B612-C9EA10C4EF6A}.Release|Any CPU.Build.0 = Release|Any CPU
	EndGlobalSection
	GlobalSection(SolutionProperties) = preSolution
		HideSolutionNode = FALSE
	EndGlobalSection
	GlobalSection(ExtensibilityGlobals) = postSolution
		SolutionGuid = {90863747-8B2F-4256-8E6C-3A95E6353372}
	EndGlobalSection
EndGlobal
